// !$*UTF8*$!
{
	archiveVersion = 1;
	classes = {
	};
	objectVersion = 52;
	objects = {

/* Begin PBXBuildFile section */
		280EAB412715C52400FD0558 /* StorageService.h in Headers */ = {isa = PBXBuildFile; fileRef = 280EAB402715C52400FD0558 /* StorageService.h */; settings = {ATTRIBUTES = (Public, ); }; };
		280EAB442715C52400FD0558 /* StorageService.framework in Frameworks */ = {isa = PBXBuildFile; fileRef = 280EAB3E2715C52400FD0558 /* StorageService.framework */; };
		280EAB452715C52400FD0558 /* StorageService.framework in Embed Frameworks */ = {isa = PBXBuildFile; fileRef = 280EAB3E2715C52400FD0558 /* StorageService.framework */; settings = {ATTRIBUTES = (CodeSignOnCopy, RemoveHeadersOnCopy, ); }; };
		280EAB4A2715C5CC00FD0558 /* Post.swift in Sources */ = {isa = PBXBuildFile; fileRef = 28608F6C26D5A2A000482FD5 /* Post.swift */; };
		282BCB3626DAC8D20042DF15 /* ProfileHeaderView.swift in Sources */ = {isa = PBXBuildFile; fileRef = 282BCB3526DAC8D20042DF15 /* ProfileHeaderView.swift */; };
		28608F5326D42C1200482FD5 /* AppDelegate.swift in Sources */ = {isa = PBXBuildFile; fileRef = 28608F5226D42C1200482FD5 /* AppDelegate.swift */; };
		28608F5526D42C1200482FD5 /* SceneDelegate.swift in Sources */ = {isa = PBXBuildFile; fileRef = 28608F5426D42C1200482FD5 /* SceneDelegate.swift */; };
		28608F5C26D42C2700482FD5 /* Assets.xcassets in Resources */ = {isa = PBXBuildFile; fileRef = 28608F5B26D42C2700482FD5 /* Assets.xcassets */; };
		28608F5F26D42C2700482FD5 /* LaunchScreen.storyboard in Resources */ = {isa = PBXBuildFile; fileRef = 28608F5D26D42C2700482FD5 /* LaunchScreen.storyboard */; };
		28608F6726D439E800482FD5 /* FeedViewController.swift in Sources */ = {isa = PBXBuildFile; fileRef = 28608F6626D439E800482FD5 /* FeedViewController.swift */; };
		28608F6926D43A0400482FD5 /* ProfileViewController.swift in Sources */ = {isa = PBXBuildFile; fileRef = 28608F6826D43A0400482FD5 /* ProfileViewController.swift */; };
		28608F6B26D43B2F00482FD5 /* PostViewController.swift in Sources */ = {isa = PBXBuildFile; fileRef = 28608F6A26D43B2F00482FD5 /* PostViewController.swift */; };
		28608F6F26D5A8E100482FD5 /* InfoViewController.swift in Sources */ = {isa = PBXBuildFile; fileRef = 28608F6E26D5A8E100482FD5 /* InfoViewController.swift */; };
		2865233C26E7E7CD00B8DCA7 /* PostTableViewCell.swift in Sources */ = {isa = PBXBuildFile; fileRef = 2865233B26E7E7CD00B8DCA7 /* PostTableViewCell.swift */; };
		287F34D82727480100A9E426 /* LoginChecker.swift in Sources */ = {isa = PBXBuildFile; fileRef = 287F34D72727480100A9E426 /* LoginChecker.swift */; };
		287F34DA272748D900A9E426 /* LoginViewControllerDelegate.swift in Sources */ = {isa = PBXBuildFile; fileRef = 287F34D9272748D900A9E426 /* LoginViewControllerDelegate.swift */; };
		287F34DC27274CF700A9E426 /* LoginInspector.swift in Sources */ = {isa = PBXBuildFile; fileRef = 287F34DB27274CF700A9E426 /* LoginInspector.swift */; };
		287F34DE2727781400A9E426 /* LoginFactoryProtocol.swift in Sources */ = {isa = PBXBuildFile; fileRef = 287F34DD2727781300A9E426 /* LoginFactoryProtocol.swift */; };
		287F34E0272778D300A9E426 /* MyLoginFactory.swift in Sources */ = {isa = PBXBuildFile; fileRef = 287F34DF272778D300A9E426 /* MyLoginFactory.swift */; };
		28C09CBC26EFFC3A00062B83 /* Constants.swift in Sources */ = {isa = PBXBuildFile; fileRef = 28C09CBB26EFFC3A00062B83 /* Constants.swift */; };
		28C09CBE26F00C9300062B83 /* PhotosArray.swift in Sources */ = {isa = PBXBuildFile; fileRef = 28C09CBD26F00C9300062B83 /* PhotosArray.swift */; };
		28C09CC126F00F2000062B83 /* PhotoTableViewCell.swift in Sources */ = {isa = PBXBuildFile; fileRef = 28C09CC026F00F2000062B83 /* PhotoTableViewCell.swift */; };
		28C09CC326F11EFF00062B83 /* Extension.swift in Sources */ = {isa = PBXBuildFile; fileRef = 28C09CC226F11EFF00062B83 /* Extension.swift */; };
		28C09CC526F1215900062B83 /* PhotoViewController.swift in Sources */ = {isa = PBXBuildFile; fileRef = 28C09CC426F1215900062B83 /* PhotoViewController.swift */; };
		28C09CC726F1268A00062B83 /* PhotoCollectionViewCell.swift in Sources */ = {isa = PBXBuildFile; fileRef = 28C09CC626F1268A00062B83 /* PhotoCollectionViewCell.swift */; };
		28C4B18126E4DC3000A799EA /* LogInViewController.swift in Sources */ = {isa = PBXBuildFile; fileRef = 28C4B18026E4DC3000A799EA /* LogInViewController.swift */; };
		28FDB59A271B34A300208C92 /* Podfile in Resources */ = {isa = PBXBuildFile; fileRef = 28FDB599271B34A300208C92 /* Podfile */; };
		28FDB59D271B7FEE00208C92 /* iOSIntPackage in Frameworks */ = {isa = PBXBuildFile; productRef = 28FDB59C271B7FEE00208C92 /* iOSIntPackage */; };
		AE4559C15E8DA20119586987 /* Pods_StorageService.framework in Frameworks */ = {isa = PBXBuildFile; fileRef = E681F99A184DB00D4E5E0EE3 /* Pods_StorageService.framework */; };
		C190F6E7C6ED74FC51AE7028 /* Pods_Navigation.framework in Frameworks */ = {isa = PBXBuildFile; fileRef = 1FB24B16E4C2D3954F03D284 /* Pods_Navigation.framework */; };
/* End PBXBuildFile section */

/* Begin PBXContainerItemProxy section */
		280EAB422715C52400FD0558 /* PBXContainerItemProxy */ = {
			isa = PBXContainerItemProxy;
			containerPortal = 28608F4726D42C1100482FD5 /* Project object */;
			proxyType = 1;
			remoteGlobalIDString = 280EAB3D2715C52400FD0558;
			remoteInfo = StorageService;
		};
/* End PBXContainerItemProxy section */

/* Begin PBXCopyFilesBuildPhase section */
		280EAB462715C52400FD0558 /* Embed Frameworks */ = {
			isa = PBXCopyFilesBuildPhase;
			buildActionMask = 2147483647;
			dstPath = "";
			dstSubfolderSpec = 10;
			files = (
				280EAB452715C52400FD0558 /* StorageService.framework in Embed Frameworks */,
			);
			name = "Embed Frameworks";
			runOnlyForDeploymentPostprocessing = 0;
		};
/* End PBXCopyFilesBuildPhase section */

/* Begin PBXFileReference section */
		1FB24B16E4C2D3954F03D284 /* Pods_Navigation.framework */ = {isa = PBXFileReference; explicitFileType = wrapper.framework; includeInIndex = 0; path = Pods_Navigation.framework; sourceTree = BUILT_PRODUCTS_DIR; };
		280EAB3E2715C52400FD0558 /* StorageService.framework */ = {isa = PBXFileReference; explicitFileType = wrapper.framework; includeInIndex = 0; path = StorageService.framework; sourceTree = BUILT_PRODUCTS_DIR; };
		280EAB402715C52400FD0558 /* StorageService.h */ = {isa = PBXFileReference; lastKnownFileType = sourcecode.c.h; path = StorageService.h; sourceTree = "<group>"; };
		282BCB3526DAC8D20042DF15 /* ProfileHeaderView.swift */ = {isa = PBXFileReference; lastKnownFileType = sourcecode.swift; path = ProfileHeaderView.swift; sourceTree = "<group>"; };
		28608F4F26D42C1200482FD5 /* Navigation.app */ = {isa = PBXFileReference; explicitFileType = wrapper.application; includeInIndex = 0; path = Navigation.app; sourceTree = BUILT_PRODUCTS_DIR; };
		28608F5226D42C1200482FD5 /* AppDelegate.swift */ = {isa = PBXFileReference; lastKnownFileType = sourcecode.swift; path = AppDelegate.swift; sourceTree = "<group>"; };
		28608F5426D42C1200482FD5 /* SceneDelegate.swift */ = {isa = PBXFileReference; lastKnownFileType = sourcecode.swift; path = SceneDelegate.swift; sourceTree = "<group>"; };
		28608F5B26D42C2700482FD5 /* Assets.xcassets */ = {isa = PBXFileReference; lastKnownFileType = folder.assetcatalog; path = Assets.xcassets; sourceTree = "<group>"; };
		28608F5E26D42C2700482FD5 /* Base */ = {isa = PBXFileReference; lastKnownFileType = file.storyboard; name = Base; path = Base.lproj/LaunchScreen.storyboard; sourceTree = "<group>"; };
		28608F6026D42C2700482FD5 /* Info.plist */ = {isa = PBXFileReference; lastKnownFileType = text.plist.xml; path = Info.plist; sourceTree = "<group>"; };
		28608F6626D439E800482FD5 /* FeedViewController.swift */ = {isa = PBXFileReference; lastKnownFileType = sourcecode.swift; path = FeedViewController.swift; sourceTree = "<group>"; };
		28608F6826D43A0400482FD5 /* ProfileViewController.swift */ = {isa = PBXFileReference; lastKnownFileType = sourcecode.swift; path = ProfileViewController.swift; sourceTree = "<group>"; };
		28608F6A26D43B2F00482FD5 /* PostViewController.swift */ = {isa = PBXFileReference; lastKnownFileType = sourcecode.swift; path = PostViewController.swift; sourceTree = "<group>"; };
		28608F6C26D5A2A000482FD5 /* Post.swift */ = {isa = PBXFileReference; lastKnownFileType = sourcecode.swift; path = Post.swift; sourceTree = "<group>"; };
		28608F6E26D5A8E100482FD5 /* InfoViewController.swift */ = {isa = PBXFileReference; lastKnownFileType = sourcecode.swift; path = InfoViewController.swift; sourceTree = "<group>"; };
		2865233B26E7E7CD00B8DCA7 /* PostTableViewCell.swift */ = {isa = PBXFileReference; lastKnownFileType = sourcecode.swift; path = PostTableViewCell.swift; sourceTree = "<group>"; };
		287F34D72727480100A9E426 /* LoginChecker.swift */ = {isa = PBXFileReference; lastKnownFileType = sourcecode.swift; path = LoginChecker.swift; sourceTree = "<group>"; };
		287F34D9272748D900A9E426 /* LoginViewControllerDelegate.swift */ = {isa = PBXFileReference; lastKnownFileType = sourcecode.swift; path = LoginViewControllerDelegate.swift; sourceTree = "<group>"; };
		287F34DB27274CF700A9E426 /* LoginInspector.swift */ = {isa = PBXFileReference; lastKnownFileType = sourcecode.swift; path = LoginInspector.swift; sourceTree = "<group>"; };
		287F34DD2727781300A9E426 /* LoginFactoryProtocol.swift */ = {isa = PBXFileReference; lastKnownFileType = sourcecode.swift; path = LoginFactoryProtocol.swift; sourceTree = "<group>"; };
		287F34DF272778D300A9E426 /* MyLoginFactory.swift */ = {isa = PBXFileReference; lastKnownFileType = sourcecode.swift; path = MyLoginFactory.swift; sourceTree = "<group>"; };
		28C09CBB26EFFC3A00062B83 /* Constants.swift */ = {isa = PBXFileReference; lastKnownFileType = sourcecode.swift; path = Constants.swift; sourceTree = "<group>"; };
		28C09CBD26F00C9300062B83 /* PhotosArray.swift */ = {isa = PBXFileReference; lastKnownFileType = sourcecode.swift; path = PhotosArray.swift; sourceTree = "<group>"; };
		28C09CC026F00F2000062B83 /* PhotoTableViewCell.swift */ = {isa = PBXFileReference; lastKnownFileType = sourcecode.swift; path = PhotoTableViewCell.swift; sourceTree = "<group>"; };
		28C09CC226F11EFF00062B83 /* Extension.swift */ = {isa = PBXFileReference; lastKnownFileType = sourcecode.swift; path = Extension.swift; sourceTree = "<group>"; };
		28C09CC426F1215900062B83 /* PhotoViewController.swift */ = {isa = PBXFileReference; lastKnownFileType = sourcecode.swift; path = PhotoViewController.swift; sourceTree = "<group>"; };
		28C09CC626F1268A00062B83 /* PhotoCollectionViewCell.swift */ = {isa = PBXFileReference; lastKnownFileType = sourcecode.swift; path = PhotoCollectionViewCell.swift; sourceTree = "<group>"; };
		28C4B18026E4DC3000A799EA /* LogInViewController.swift */ = {isa = PBXFileReference; lastKnownFileType = sourcecode.swift; path = LogInViewController.swift; sourceTree = "<group>"; };
		28FDB599271B34A300208C92 /* Podfile */ = {isa = PBXFileReference; fileEncoding = 4; lastKnownFileType = text; path = Podfile; sourceTree = SOURCE_ROOT; };
		349881833663942A85584D0B /* Pods-Navigation.release.xcconfig */ = {isa = PBXFileReference; includeInIndex = 1; lastKnownFileType = text.xcconfig; name = "Pods-Navigation.release.xcconfig"; path = "Target Support Files/Pods-Navigation/Pods-Navigation.release.xcconfig"; sourceTree = "<group>"; };
		966CFEA11E06A440352E060F /* Pods-StorageService.debug.xcconfig */ = {isa = PBXFileReference; includeInIndex = 1; lastKnownFileType = text.xcconfig; name = "Pods-StorageService.debug.xcconfig"; path = "Target Support Files/Pods-StorageService/Pods-StorageService.debug.xcconfig"; sourceTree = "<group>"; };
		C26EC00B8508BC5FC7942967 /* Pods-Navigation.debug.xcconfig */ = {isa = PBXFileReference; includeInIndex = 1; lastKnownFileType = text.xcconfig; name = "Pods-Navigation.debug.xcconfig"; path = "Target Support Files/Pods-Navigation/Pods-Navigation.debug.xcconfig"; sourceTree = "<group>"; };
		D67D3CC111AAC1163254BABC /* Pods-StorageService.release.xcconfig */ = {isa = PBXFileReference; includeInIndex = 1; lastKnownFileType = text.xcconfig; name = "Pods-StorageService.release.xcconfig"; path = "Target Support Files/Pods-StorageService/Pods-StorageService.release.xcconfig"; sourceTree = "<group>"; };
		E681F99A184DB00D4E5E0EE3 /* Pods_StorageService.framework */ = {isa = PBXFileReference; explicitFileType = wrapper.framework; includeInIndex = 0; path = Pods_StorageService.framework; sourceTree = BUILT_PRODUCTS_DIR; };
/* End PBXFileReference section */

/* Begin PBXFrameworksBuildPhase section */
		280EAB3B2715C52400FD0558 /* Frameworks */ = {
			isa = PBXFrameworksBuildPhase;
			buildActionMask = 2147483647;
			files = (
				AE4559C15E8DA20119586987 /* Pods_StorageService.framework in Frameworks */,
			);
			runOnlyForDeploymentPostprocessing = 0;
		};
		28608F4C26D42C1200482FD5 /* Frameworks */ = {
			isa = PBXFrameworksBuildPhase;
			buildActionMask = 2147483647;
			files = (
				28FDB59D271B7FEE00208C92 /* iOSIntPackage in Frameworks */,
				280EAB442715C52400FD0558 /* StorageService.framework in Frameworks */,
				C190F6E7C6ED74FC51AE7028 /* Pods_Navigation.framework in Frameworks */,
			);
			runOnlyForDeploymentPostprocessing = 0;
		};
/* End PBXFrameworksBuildPhase section */

/* Begin PBXGroup section */
		280EAB3F2715C52400FD0558 /* StorageService */ = {
			isa = PBXGroup;
			children = (
				280EAB402715C52400FD0558 /* StorageService.h */,
			);
			path = StorageService;
			sourceTree = "<group>";
		};
		282BCB3426DAC8A10042DF15 /* Profile */ = {
			isa = PBXGroup;
			children = (
				28608F6826D43A0400482FD5 /* ProfileViewController.swift */,
				282BCB3526DAC8D20042DF15 /* ProfileHeaderView.swift */,
				2865233B26E7E7CD00B8DCA7 /* PostTableViewCell.swift */,
			);
			path = Profile;
			sourceTree = "<group>";
		};
		28608F4626D42C1100482FD5 = {
			isa = PBXGroup;
			children = (
				28FDB599271B34A300208C92 /* Podfile */,
				28608F5126D42C1200482FD5 /* Navigation */,
				280EAB3F2715C52400FD0558 /* StorageService */,
				28608F5026D42C1200482FD5 /* Products */,
				4FB1D64BEAFBB2A45B92FD29 /* Pods */,
				80D7641B208BF7D4FBF2559C /* Frameworks */,
			);
			sourceTree = "<group>";
		};
		28608F5026D42C1200482FD5 /* Products */ = {
			isa = PBXGroup;
			children = (
				28608F4F26D42C1200482FD5 /* Navigation.app */,
				280EAB3E2715C52400FD0558 /* StorageService.framework */,
			);
			name = Products;
			sourceTree = "<group>";
		};
		28608F5126D42C1200482FD5 /* Navigation */ = {
			isa = PBXGroup;
			children = (
				28C09D0626F3DC5700062B83 /* Login */,
				282BCB3426DAC8A10042DF15 /* Profile */,
				28C09D0726F3DC8900062B83 /* Photo */,
				28C09CBF26F00D4C00062B83 /* SupportFiles */,
				28608F5226D42C1200482FD5 /* AppDelegate.swift */,
				28608F5426D42C1200482FD5 /* SceneDelegate.swift */,
				28608F6626D439E800482FD5 /* FeedViewController.swift */,
				28608F6A26D43B2F00482FD5 /* PostViewController.swift */,
				28608F6E26D5A8E100482FD5 /* InfoViewController.swift */,
				28608F5B26D42C2700482FD5 /* Assets.xcassets */,
				28608F5D26D42C2700482FD5 /* LaunchScreen.storyboard */,
				28608F6026D42C2700482FD5 /* Info.plist */,
			);
			path = Navigation;
			sourceTree = "<group>";
		};
		28C09CBF26F00D4C00062B83 /* SupportFiles */ = {
			isa = PBXGroup;
			children = (
				28608F6C26D5A2A000482FD5 /* Post.swift */,
				28C09CBB26EFFC3A00062B83 /* Constants.swift */,
				28C09CBD26F00C9300062B83 /* PhotosArray.swift */,
				28C09CC226F11EFF00062B83 /* Extension.swift */,
			);
			path = SupportFiles;
			sourceTree = "<group>";
		};
		28C09D0626F3DC5700062B83 /* Login */ = {
			isa = PBXGroup;
			children = (
				28C4B18026E4DC3000A799EA /* LogInViewController.swift */,
				287F34D72727480100A9E426 /* LoginChecker.swift */,
				287F34D9272748D900A9E426 /* LoginViewControllerDelegate.swift */,
				287F34DB27274CF700A9E426 /* LoginInspector.swift */,
				287F34DD2727781300A9E426 /* LoginFactoryProtocol.swift */,
				287F34DF272778D300A9E426 /* MyLoginFactory.swift */,
			);
			path = Login;
			sourceTree = "<group>";
		};
		28C09D0726F3DC8900062B83 /* Photo */ = {
			isa = PBXGroup;
			children = (
				28C09CC026F00F2000062B83 /* PhotoTableViewCell.swift */,
				28C09CC426F1215900062B83 /* PhotoViewController.swift */,
				28C09CC626F1268A00062B83 /* PhotoCollectionViewCell.swift */,
			);
			path = Photo;
			sourceTree = "<group>";
		};
		4FB1D64BEAFBB2A45B92FD29 /* Pods */ = {
			isa = PBXGroup;
			children = (
				C26EC00B8508BC5FC7942967 /* Pods-Navigation.debug.xcconfig */,
				349881833663942A85584D0B /* Pods-Navigation.release.xcconfig */,
				966CFEA11E06A440352E060F /* Pods-StorageService.debug.xcconfig */,
				D67D3CC111AAC1163254BABC /* Pods-StorageService.release.xcconfig */,
			);
			path = Pods;
			sourceTree = "<group>";
		};
		80D7641B208BF7D4FBF2559C /* Frameworks */ = {
			isa = PBXGroup;
			children = (
				1FB24B16E4C2D3954F03D284 /* Pods_Navigation.framework */,
				E681F99A184DB00D4E5E0EE3 /* Pods_StorageService.framework */,
			);
			name = Frameworks;
			sourceTree = "<group>";
		};
/* End PBXGroup section */

/* Begin PBXHeadersBuildPhase section */
		280EAB392715C52400FD0558 /* Headers */ = {
			isa = PBXHeadersBuildPhase;
			buildActionMask = 2147483647;
			files = (
				280EAB412715C52400FD0558 /* StorageService.h in Headers */,
			);
			runOnlyForDeploymentPostprocessing = 0;
		};
/* End PBXHeadersBuildPhase section */

/* Begin PBXNativeTarget section */
		280EAB3D2715C52400FD0558 /* StorageService */ = {
			isa = PBXNativeTarget;
			buildConfigurationList = 280EAB492715C52400FD0558 /* Build configuration list for PBXNativeTarget "StorageService" */;
			buildPhases = (
				68A0CB12F1931D2459067775 /* [CP] Check Pods Manifest.lock */,
				280EAB392715C52400FD0558 /* Headers */,
				280EAB3A2715C52400FD0558 /* Sources */,
				280EAB3B2715C52400FD0558 /* Frameworks */,
				280EAB3C2715C52400FD0558 /* Resources */,
			);
			buildRules = (
			);
			dependencies = (
			);
			name = StorageService;
			productName = StorageService;
			productReference = 280EAB3E2715C52400FD0558 /* StorageService.framework */;
			productType = "com.apple.product-type.framework";
		};
		28608F4E26D42C1200482FD5 /* Navigation */ = {
			isa = PBXNativeTarget;
			buildConfigurationList = 28608F6326D42C2700482FD5 /* Build configuration list for PBXNativeTarget "Navigation" */;
			buildPhases = (
				6540B79842B27FAAC6216536 /* [CP] Check Pods Manifest.lock */,
				28608F4B26D42C1200482FD5 /* Sources */,
				28608F4C26D42C1200482FD5 /* Frameworks */,
				28608F4D26D42C1200482FD5 /* Resources */,
				280EAB462715C52400FD0558 /* Embed Frameworks */,
				56BC6E23A97DED67B60C86A1 /* [CP] Embed Pods Frameworks */,
			);
			buildRules = (
			);
			dependencies = (
				280EAB432715C52400FD0558 /* PBXTargetDependency */,
			);
			name = Navigation;
			packageProductDependencies = (
				28FDB59C271B7FEE00208C92 /* iOSIntPackage */,
			);
			productName = Navigation;
			productReference = 28608F4F26D42C1200482FD5 /* Navigation.app */;
			productType = "com.apple.product-type.application";
		};
/* End PBXNativeTarget section */

/* Begin PBXProject section */
		28608F4726D42C1100482FD5 /* Project object */ = {
			isa = PBXProject;
			attributes = {
				LastSwiftUpdateCheck = 1250;
				LastUpgradeCheck = 1250;
				TargetAttributes = {
					280EAB3D2715C52400FD0558 = {
						CreatedOnToolsVersion = 13.0;
					};
					28608F4E26D42C1200482FD5 = {
						CreatedOnToolsVersion = 12.5.1;
					};
				};
			};
			buildConfigurationList = 28608F4A26D42C1100482FD5 /* Build configuration list for PBXProject "Navigation" */;
			compatibilityVersion = "Xcode 9.3";
			developmentRegion = en;
			hasScannedForEncodings = 0;
			knownRegions = (
				en,
				Base,
			);
			mainGroup = 28608F4626D42C1100482FD5;
			packageReferences = (
				28FDB59B271B7FEE00208C92 /* XCRemoteSwiftPackageReference "iOSIntPackage" */,
			);
			productRefGroup = 28608F5026D42C1200482FD5 /* Products */;
			projectDirPath = "";
			projectRoot = "";
			targets = (
				28608F4E26D42C1200482FD5 /* Navigation */,
				280EAB3D2715C52400FD0558 /* StorageService */,
			);
		};
/* End PBXProject section */

/* Begin PBXResourcesBuildPhase section */
		280EAB3C2715C52400FD0558 /* Resources */ = {
			isa = PBXResourcesBuildPhase;
			buildActionMask = 2147483647;
			files = (
			);
			runOnlyForDeploymentPostprocessing = 0;
		};
		28608F4D26D42C1200482FD5 /* Resources */ = {
			isa = PBXResourcesBuildPhase;
			buildActionMask = 2147483647;
			files = (
				28FDB59A271B34A300208C92 /* Podfile in Resources */,
				28608F5F26D42C2700482FD5 /* LaunchScreen.storyboard in Resources */,
				28608F5C26D42C2700482FD5 /* Assets.xcassets in Resources */,
			);
			runOnlyForDeploymentPostprocessing = 0;
		};
/* End PBXResourcesBuildPhase section */

/* Begin PBXShellScriptBuildPhase section */
		56BC6E23A97DED67B60C86A1 /* [CP] Embed Pods Frameworks */ = {
			isa = PBXShellScriptBuildPhase;
			buildActionMask = 2147483647;
			files = (
			);
			inputFileListPaths = (
				"${PODS_ROOT}/Target Support Files/Pods-Navigation/Pods-Navigation-frameworks-${CONFIGURATION}-input-files.xcfilelist",
			);
			name = "[CP] Embed Pods Frameworks";
			outputFileListPaths = (
				"${PODS_ROOT}/Target Support Files/Pods-Navigation/Pods-Navigation-frameworks-${CONFIGURATION}-output-files.xcfilelist",
			);
			runOnlyForDeploymentPostprocessing = 0;
			shellPath = /bin/sh;
			shellScript = "\"${PODS_ROOT}/Target Support Files/Pods-Navigation/Pods-Navigation-frameworks.sh\"\n";
			showEnvVarsInLog = 0;
		};
		6540B79842B27FAAC6216536 /* [CP] Check Pods Manifest.lock */ = {
			isa = PBXShellScriptBuildPhase;
			buildActionMask = 2147483647;
			files = (
			);
			inputFileListPaths = (
			);
			inputPaths = (
				"${PODS_PODFILE_DIR_PATH}/Podfile.lock",
				"${PODS_ROOT}/Manifest.lock",
			);
			name = "[CP] Check Pods Manifest.lock";
			outputFileListPaths = (
			);
			outputPaths = (
				"$(DERIVED_FILE_DIR)/Pods-Navigation-checkManifestLockResult.txt",
			);
			runOnlyForDeploymentPostprocessing = 0;
			shellPath = /bin/sh;
			shellScript = "diff \"${PODS_PODFILE_DIR_PATH}/Podfile.lock\" \"${PODS_ROOT}/Manifest.lock\" > /dev/null\nif [ $? != 0 ] ; then\n    # print error to STDERR\n    echo \"error: The sandbox is not in sync with the Podfile.lock. Run 'pod install' or update your CocoaPods installation.\" >&2\n    exit 1\nfi\n# This output is used by Xcode 'outputs' to avoid re-running this script phase.\necho \"SUCCESS\" > \"${SCRIPT_OUTPUT_FILE_0}\"\n";
			showEnvVarsInLog = 0;
		};
		68A0CB12F1931D2459067775 /* [CP] Check Pods Manifest.lock */ = {
			isa = PBXShellScriptBuildPhase;
			buildActionMask = 2147483647;
			files = (
			);
			inputFileListPaths = (
			);
			inputPaths = (
				"${PODS_PODFILE_DIR_PATH}/Podfile.lock",
				"${PODS_ROOT}/Manifest.lock",
			);
			name = "[CP] Check Pods Manifest.lock";
			outputFileListPaths = (
			);
			outputPaths = (
				"$(DERIVED_FILE_DIR)/Pods-StorageService-checkManifestLockResult.txt",
			);
			runOnlyForDeploymentPostprocessing = 0;
			shellPath = /bin/sh;
			shellScript = "diff \"${PODS_PODFILE_DIR_PATH}/Podfile.lock\" \"${PODS_ROOT}/Manifest.lock\" > /dev/null\nif [ $? != 0 ] ; then\n    # print error to STDERR\n    echo \"error: The sandbox is not in sync with the Podfile.lock. Run 'pod install' or update your CocoaPods installation.\" >&2\n    exit 1\nfi\n# This output is used by Xcode 'outputs' to avoid re-running this script phase.\necho \"SUCCESS\" > \"${SCRIPT_OUTPUT_FILE_0}\"\n";
			showEnvVarsInLog = 0;
		};
/* End PBXShellScriptBuildPhase section */

/* Begin PBXSourcesBuildPhase section */
		280EAB3A2715C52400FD0558 /* Sources */ = {
			isa = PBXSourcesBuildPhase;
			buildActionMask = 2147483647;
			files = (
				280EAB4A2715C5CC00FD0558 /* Post.swift in Sources */,
			);
			runOnlyForDeploymentPostprocessing = 0;
		};
		28608F4B26D42C1200482FD5 /* Sources */ = {
			isa = PBXSourcesBuildPhase;
			buildActionMask = 2147483647;
			files = (
				28608F5326D42C1200482FD5 /* AppDelegate.swift in Sources */,
				28C09CBC26EFFC3A00062B83 /* Constants.swift in Sources */,
				287F34DE2727781400A9E426 /* LoginFactoryProtocol.swift in Sources */,
				28608F6926D43A0400482FD5 /* ProfileViewController.swift in Sources */,
				28C4B18126E4DC3000A799EA /* LogInViewController.swift in Sources */,
				287F34E0272778D300A9E426 /* MyLoginFactory.swift in Sources */,
				28C09CBE26F00C9300062B83 /* PhotosArray.swift in Sources */,
				28608F6726D439E800482FD5 /* FeedViewController.swift in Sources */,
				28608F6F26D5A8E100482FD5 /* InfoViewController.swift in Sources */,
				28608F5526D42C1200482FD5 /* SceneDelegate.swift in Sources */,
				287F34DA272748D900A9E426 /* LoginViewControllerDelegate.swift in Sources */,
				28C09CC726F1268A00062B83 /* PhotoCollectionViewCell.swift in Sources */,
				28C09CC526F1215900062B83 /* PhotoViewController.swift in Sources */,
				28C09CC326F11EFF00062B83 /* Extension.swift in Sources */,
				287F34D82727480100A9E426 /* LoginChecker.swift in Sources */,
				287F34DC27274CF700A9E426 /* LoginInspector.swift in Sources */,
				28C09CC126F00F2000062B83 /* PhotoTableViewCell.swift in Sources */,
				2865233C26E7E7CD00B8DCA7 /* PostTableViewCell.swift in Sources */,
				28608F6B26D43B2F00482FD5 /* PostViewController.swift in Sources */,
				282BCB3626DAC8D20042DF15 /* ProfileHeaderView.swift in Sources */,
			);
			runOnlyForDeploymentPostprocessing = 0;
		};
/* End PBXSourcesBuildPhase section */

/* Begin PBXTargetDependency section */
		280EAB432715C52400FD0558 /* PBXTargetDependency */ = {
			isa = PBXTargetDependency;
			target = 280EAB3D2715C52400FD0558 /* StorageService */;
			targetProxy = 280EAB422715C52400FD0558 /* PBXContainerItemProxy */;
		};
/* End PBXTargetDependency section */

/* Begin PBXVariantGroup section */
		28608F5D26D42C2700482FD5 /* LaunchScreen.storyboard */ = {
			isa = PBXVariantGroup;
			children = (
				28608F5E26D42C2700482FD5 /* Base */,
			);
			name = LaunchScreen.storyboard;
			sourceTree = "<group>";
		};
/* End PBXVariantGroup section */

/* Begin XCBuildConfiguration section */
		280EAB472715C52400FD0558 /* Debug */ = {
			isa = XCBuildConfiguration;
			baseConfigurationReference = 966CFEA11E06A440352E060F /* Pods-StorageService.debug.xcconfig */;
			buildSettings = {
				CLANG_CXX_LANGUAGE_STANDARD = "gnu++17";
				CODE_SIGN_STYLE = Automatic;
				CURRENT_PROJECT_VERSION = 1;
				DEFINES_MODULE = YES;
				DEVELOPMENT_TEAM = 5BFVZ4T283;
				DYLIB_COMPATIBILITY_VERSION = 1;
				DYLIB_CURRENT_VERSION = 1;
				DYLIB_INSTALL_NAME_BASE = "@rpath";
				GENERATE_INFOPLIST_FILE = YES;
				INFOPLIST_KEY_NSHumanReadableCopyright = "";
				INSTALL_PATH = "$(LOCAL_LIBRARY_DIR)/Frameworks";
				IPHONEOS_DEPLOYMENT_TARGET = 15.0;
				LD_RUNPATH_SEARCH_PATHS = (
					"$(inherited)",
					"@executable_path/Frameworks",
					"@loader_path/Frameworks",
				);
				MARKETING_VERSION = 1.0;
				PRODUCT_BUNDLE_IDENTIFIER = site.immersing.StorageService;
				PRODUCT_NAME = "$(TARGET_NAME:c99extidentifier)";
				SKIP_INSTALL = YES;
				SUPPORTS_MACCATALYST = NO;
				SWIFT_EMIT_LOC_STRINGS = YES;
				SWIFT_VERSION = 5.0;
				TARGETED_DEVICE_FAMILY = 1;
				VERSIONING_SYSTEM = "apple-generic";
				VERSION_INFO_PREFIX = "";
			};
			name = Debug;
		};
		280EAB482715C52400FD0558 /* Release */ = {
			isa = XCBuildConfiguration;
			baseConfigurationReference = D67D3CC111AAC1163254BABC /* Pods-StorageService.release.xcconfig */;
			buildSettings = {
				CLANG_CXX_LANGUAGE_STANDARD = "gnu++17";
				CODE_SIGN_STYLE = Automatic;
				CURRENT_PROJECT_VERSION = 1;
				DEFINES_MODULE = YES;
				DEVELOPMENT_TEAM = 5BFVZ4T283;
				DYLIB_COMPATIBILITY_VERSION = 1;
				DYLIB_CURRENT_VERSION = 1;
				DYLIB_INSTALL_NAME_BASE = "@rpath";
				GENERATE_INFOPLIST_FILE = YES;
				INFOPLIST_KEY_NSHumanReadableCopyright = "";
				INSTALL_PATH = "$(LOCAL_LIBRARY_DIR)/Frameworks";
				IPHONEOS_DEPLOYMENT_TARGET = 15.0;
				LD_RUNPATH_SEARCH_PATHS = (
					"$(inherited)",
					"@executable_path/Frameworks",
					"@loader_path/Frameworks",
				);
				MARKETING_VERSION = 1.0;
				PRODUCT_BUNDLE_IDENTIFIER = site.immersing.StorageService;
				PRODUCT_NAME = "$(TARGET_NAME:c99extidentifier)";
				SKIP_INSTALL = YES;
				SUPPORTS_MACCATALYST = NO;
				SWIFT_EMIT_LOC_STRINGS = YES;
				SWIFT_VERSION = 5.0;
				TARGETED_DEVICE_FAMILY = 1;
				VERSIONING_SYSTEM = "apple-generic";
				VERSION_INFO_PREFIX = "";
			};
			name = Release;
		};
		28608F6126D42C2700482FD5 /* Debug */ = {
			isa = XCBuildConfiguration;
			buildSettings = {
				ALWAYS_SEARCH_USER_PATHS = NO;
				CLANG_ANALYZER_NONNULL = YES;
				CLANG_ANALYZER_NUMBER_OBJECT_CONVERSION = YES_AGGRESSIVE;
				CLANG_CXX_LANGUAGE_STANDARD = "gnu++14";
				CLANG_CXX_LIBRARY = "libc++";
				CLANG_ENABLE_MODULES = YES;
				CLANG_ENABLE_OBJC_ARC = YES;
				CLANG_ENABLE_OBJC_WEAK = YES;
				CLANG_WARN_BLOCK_CAPTURE_AUTORELEASING = YES;
				CLANG_WARN_BOOL_CONVERSION = YES;
				CLANG_WARN_COMMA = YES;
				CLANG_WARN_CONSTANT_CONVERSION = YES;
				CLANG_WARN_DEPRECATED_OBJC_IMPLEMENTATIONS = YES;
				CLANG_WARN_DIRECT_OBJC_ISA_USAGE = YES_ERROR;
				CLANG_WARN_DOCUMENTATION_COMMENTS = YES;
				CLANG_WARN_EMPTY_BODY = YES;
				CLANG_WARN_ENUM_CONVERSION = YES;
				CLANG_WARN_INFINITE_RECURSION = YES;
				CLANG_WARN_INT_CONVERSION = YES;
				CLANG_WARN_NON_LITERAL_NULL_CONVERSION = YES;
				CLANG_WARN_OBJC_IMPLICIT_RETAIN_SELF = YES;
				CLANG_WARN_OBJC_LITERAL_CONVERSION = YES;
				CLANG_WARN_OBJC_ROOT_CLASS = YES_ERROR;
				CLANG_WARN_QUOTED_INCLUDE_IN_FRAMEWORK_HEADER = YES;
				CLANG_WARN_RANGE_LOOP_ANALYSIS = YES;
				CLANG_WARN_STRICT_PROTOTYPES = YES;
				CLANG_WARN_SUSPICIOUS_MOVE = YES;
				CLANG_WARN_UNGUARDED_AVAILABILITY = YES_AGGRESSIVE;
				CLANG_WARN_UNREACHABLE_CODE = YES;
				CLANG_WARN__DUPLICATE_METHOD_MATCH = YES;
				COPY_PHASE_STRIP = NO;
				DEBUG_INFORMATION_FORMAT = dwarf;
				ENABLE_STRICT_OBJC_MSGSEND = YES;
				ENABLE_TESTABILITY = YES;
				GCC_C_LANGUAGE_STANDARD = gnu11;
				GCC_DYNAMIC_NO_PIC = NO;
				GCC_NO_COMMON_BLOCKS = YES;
				GCC_OPTIMIZATION_LEVEL = 0;
				GCC_PREPROCESSOR_DEFINITIONS = (
					"DEBUG=1",
					"$(inherited)",
				);
				GCC_WARN_64_TO_32_BIT_CONVERSION = YES;
				GCC_WARN_ABOUT_RETURN_TYPE = YES_ERROR;
				GCC_WARN_UNDECLARED_SELECTOR = YES;
				GCC_WARN_UNINITIALIZED_AUTOS = YES_AGGRESSIVE;
				GCC_WARN_UNUSED_FUNCTION = YES;
				GCC_WARN_UNUSED_VARIABLE = YES;
				IPHONEOS_DEPLOYMENT_TARGET = 15.0;
				MTL_ENABLE_DEBUG_INFO = INCLUDE_SOURCE;
				MTL_FAST_MATH = YES;
				ONLY_ACTIVE_ARCH = YES;
				SDKROOT = iphoneos;
				SWIFT_ACTIVE_COMPILATION_CONDITIONS = DEBUG;
				SWIFT_OPTIMIZATION_LEVEL = "-Onone";
			};
			name = Debug;
		};
		28608F6226D42C2700482FD5 /* Release */ = {
			isa = XCBuildConfiguration;
			buildSettings = {
				ALWAYS_SEARCH_USER_PATHS = NO;
				CLANG_ANALYZER_NONNULL = YES;
				CLANG_ANALYZER_NUMBER_OBJECT_CONVERSION = YES_AGGRESSIVE;
				CLANG_CXX_LANGUAGE_STANDARD = "gnu++14";
				CLANG_CXX_LIBRARY = "libc++";
				CLANG_ENABLE_MODULES = YES;
				CLANG_ENABLE_OBJC_ARC = YES;
				CLANG_ENABLE_OBJC_WEAK = YES;
				CLANG_WARN_BLOCK_CAPTURE_AUTORELEASING = YES;
				CLANG_WARN_BOOL_CONVERSION = YES;
				CLANG_WARN_COMMA = YES;
				CLANG_WARN_CONSTANT_CONVERSION = YES;
				CLANG_WARN_DEPRECATED_OBJC_IMPLEMENTATIONS = YES;
				CLANG_WARN_DIRECT_OBJC_ISA_USAGE = YES_ERROR;
				CLANG_WARN_DOCUMENTATION_COMMENTS = YES;
				CLANG_WARN_EMPTY_BODY = YES;
				CLANG_WARN_ENUM_CONVERSION = YES;
				CLANG_WARN_INFINITE_RECURSION = YES;
				CLANG_WARN_INT_CONVERSION = YES;
				CLANG_WARN_NON_LITERAL_NULL_CONVERSION = YES;
				CLANG_WARN_OBJC_IMPLICIT_RETAIN_SELF = YES;
				CLANG_WARN_OBJC_LITERAL_CONVERSION = YES;
				CLANG_WARN_OBJC_ROOT_CLASS = YES_ERROR;
				CLANG_WARN_QUOTED_INCLUDE_IN_FRAMEWORK_HEADER = YES;
				CLANG_WARN_RANGE_LOOP_ANALYSIS = YES;
				CLANG_WARN_STRICT_PROTOTYPES = YES;
				CLANG_WARN_SUSPICIOUS_MOVE = YES;
				CLANG_WARN_UNGUARDED_AVAILABILITY = YES_AGGRESSIVE;
				CLANG_WARN_UNREACHABLE_CODE = YES;
				CLANG_WARN__DUPLICATE_METHOD_MATCH = YES;
				COPY_PHASE_STRIP = NO;
				DEBUG_INFORMATION_FORMAT = "dwarf-with-dsym";
				ENABLE_NS_ASSERTIONS = NO;
				ENABLE_STRICT_OBJC_MSGSEND = YES;
				GCC_C_LANGUAGE_STANDARD = gnu11;
				GCC_NO_COMMON_BLOCKS = YES;
				GCC_WARN_64_TO_32_BIT_CONVERSION = YES;
				GCC_WARN_ABOUT_RETURN_TYPE = YES_ERROR;
				GCC_WARN_UNDECLARED_SELECTOR = YES;
				GCC_WARN_UNINITIALIZED_AUTOS = YES_AGGRESSIVE;
				GCC_WARN_UNUSED_FUNCTION = YES;
				GCC_WARN_UNUSED_VARIABLE = YES;
				IPHONEOS_DEPLOYMENT_TARGET = 15.0;
				MTL_ENABLE_DEBUG_INFO = NO;
				MTL_FAST_MATH = YES;
				SDKROOT = iphoneos;
				SWIFT_COMPILATION_MODE = wholemodule;
				SWIFT_OPTIMIZATION_LEVEL = "-O";
				VALIDATE_PRODUCT = YES;
			};
			name = Release;
		};
		28608F6426D42C2700482FD5 /* Debug */ = {
			isa = XCBuildConfiguration;
			baseConfigurationReference = C26EC00B8508BC5FC7942967 /* Pods-Navigation.debug.xcconfig */;
			buildSettings = {
				ALWAYS_EMBED_SWIFT_STANDARD_LIBRARIES = YES;
				ASSETCATALOG_COMPILER_APPICON_NAME = AppIcon;
				ASSETCATALOG_COMPILER_GLOBAL_ACCENT_COLOR_NAME = AccentColor;
				CODE_SIGN_STYLE = Automatic;
				DEVELOPMENT_TEAM = 5BFVZ4T283;
				INFOPLIST_FILE = Navigation/Info.plist;
				IPHONEOS_DEPLOYMENT_TARGET = 15.0;
				LD_RUNPATH_SEARCH_PATHS = (
					"$(inherited)",
					"@executable_path/Frameworks",
				);
				PRODUCT_BUNDLE_IDENTIFIER = site.immersing.Navigation;
				PRODUCT_NAME = "$(TARGET_NAME)";
				SWIFT_VERSION = 5.0;
				TARGETED_DEVICE_FAMILY = 1;
			};
			name = Debug;
		};
		28608F6526D42C2700482FD5 /* Release */ = {
			isa = XCBuildConfiguration;
			baseConfigurationReference = 349881833663942A85584D0B /* Pods-Navigation.release.xcconfig */;
			buildSettings = {
				ALWAYS_EMBED_SWIFT_STANDARD_LIBRARIES = YES;
				ASSETCATALOG_COMPILER_APPICON_NAME = AppIcon;
				ASSETCATALOG_COMPILER_GLOBAL_ACCENT_COLOR_NAME = AccentColor;
				CODE_SIGN_STYLE = Automatic;
				DEVELOPMENT_TEAM = 5BFVZ4T283;
				INFOPLIST_FILE = Navigation/Info.plist;
				IPHONEOS_DEPLOYMENT_TARGET = 15.0;
				LD_RUNPATH_SEARCH_PATHS = (
					"$(inherited)",
					"@executable_path/Frameworks",
				);
				PRODUCT_BUNDLE_IDENTIFIER = site.immersing.Navigation;
				PRODUCT_NAME = "$(TARGET_NAME)";
				SWIFT_VERSION = 5.0;
				TARGETED_DEVICE_FAMILY = 1;
			};
			name = Release;
		};
/* End XCBuildConfiguration section */

/* Begin XCConfigurationList section */
		280EAB492715C52400FD0558 /* Build configuration list for PBXNativeTarget "StorageService" */ = {
			isa = XCConfigurationList;
			buildConfigurations = (
				280EAB472715C52400FD0558 /* Debug */,
				280EAB482715C52400FD0558 /* Release */,
			);
			defaultConfigurationIsVisible = 0;
			defaultConfigurationName = Release;
		};
		28608F4A26D42C1100482FD5 /* Build configuration list for PBXProject "Navigation" */ = {
			isa = XCConfigurationList;
			buildConfigurations = (
				28608F6126D42C2700482FD5 /* Debug */,
				28608F6226D42C2700482FD5 /* Release */,
			);
			defaultConfigurationIsVisible = 0;
			defaultConfigurationName = Release;
		};
		28608F6326D42C2700482FD5 /* Build configuration list for PBXNativeTarget "Navigation" */ = {
			isa = XCConfigurationList;
			buildConfigurations = (
				28608F6426D42C2700482FD5 /* Debug */,
				28608F6526D42C2700482FD5 /* Release */,
			);
			defaultConfigurationIsVisible = 0;
			defaultConfigurationName = Release;
		};
/* End XCConfigurationList section */

/* Begin XCRemoteSwiftPackageReference section */
		28FDB59B271B7FEE00208C92 /* XCRemoteSwiftPackageReference "iOSIntPackage" */ = {
			isa = XCRemoteSwiftPackageReference;
			repositoryURL = "https://github.com/TrueMax/iOSIntPackage";
			requirement = {
				kind = upToNextMajorVersion;
				minimumVersion = 3.0.0;
			};
		};
/* End XCRemoteSwiftPackageReference section */

/* Begin XCSwiftPackageProductDependency section */
		28FDB59C271B7FEE00208C92 /* iOSIntPackage */ = {
			isa = XCSwiftPackageProductDependency;
			package = 28FDB59B271B7FEE00208C92 /* XCRemoteSwiftPackageReference "iOSIntPackage" */;
			productName = iOSIntPackage;
		};
/* End XCSwiftPackageProductDependency section */
	};
	rootObject = 28608F4726D42C1100482FD5 /* Project object */;
}
